
Microsoft Visual Studio Solution File, Format Version 12.00
# Visual Studio Version 18
VisualStudioVersion = 18.2.11430.68
MinimumVisualStudioVersion = 10.0.40219.1
Project("{FAE04EC0-301F-11D3-BF4B-00C04F79EFBC}") = "BellBeast", "BellBeast\BellBeast.csproj", "{D527BC51-28CF-4B74-806E-14676539CC55}"
EndProject
Global
	GlobalSection(SolutionConfigurationPlatforms) = preSolution
		Debug|Any CPU = Debug|Any CPU
		Release|Any CPU = Release|Any CPU
	EndGlobalSection
	GlobalSection(ProjectConfigurationPlatforms) = postSolution
		{D527BC51-28CF-4B74-806E-14676539CC55}.Debug|Any CPU.ActiveCfg = Debug|Any CPU
		{D527BC51-28CF-4B74-806E-14676539CC55}.Debug|Any CPU.Build.0 = Debug|Any CPU
		{D527BC51-28CF-4B74-806E-14676539CC55}.Release|Any CPU.ActiveCfg = Release|Any CPU
		{D527BC51-28CF-4B74-806E-14676539CC55}.Release|Any CPU.Build.0 = Release|Any CPU
	EndGlobalSection
	GlobalSection(SolutionProperties) = preSolution
		HideSolutionNode = FALSE
	EndGlobalSection
	GlobalSection(ExtensibilityGlobals) = postSolution
		SolutionGuid = {84ECD44C-26FE-47A6-9E6D-5DDD127D9322}
	EndGlobalSection
EndGlobal
